
Microsoft Visual Studio Solution File, Format Version 12.00
# Visual Studio Version 17
VisualStudioVersion = 17.5.33627.172
MinimumVisualStudioVersion = 10.0.40219.1
Project("{FAE04EC0-301F-11D3-BF4B-00C04F79EFBC}") = "lab2_inheritance", "lab2_inheritance.csproj", "{2B922425-8D12-4108-AD43-AA8F242DFF42}"
EndProject
Global
	GlobalSection(SolutionConfigurationPlatforms) = preSolution
		Debug|Any CPU = Debug|Any CPU
		Release|Any CPU = Release|Any CPU
	EndGlobalSection
	GlobalSection(ProjectConfigurationPlatforms) = postSolution
		{2B922425-8D12-4108-AD43-AA8F242DFF42}.Debug|Any CPU.ActiveCfg = Debug|Any CPU
		{2B922425-8D12-4108-AD43-AA8F242DFF42}.Debug|Any CPU.Build.0 = Debug|Any CPU
		{2B922425-8D12-4108-AD43-AA8F242DFF42}.Release|Any CPU.ActiveCfg = Release|Any CPU
		{2B922425-8D12-4108-AD43-AA8F242DFF42}.Release|Any CPU.Build.0 = Release|Any CPU
	EndGlobalSection
	GlobalSection(SolutionProperties) = preSolution
		HideSolutionNode = FALSE
	EndGlobalSection
	GlobalSection(ExtensibilityGlobals) = postSolution
		SolutionGuid = {1EAA8990-A085-4100-8612-66B171BB5802}
	EndGlobalSection
EndGlobal
